<?xml version="1.0" encoding="UTF-8" standalone="yes" ?>
<CodeBlocks_project_file>
	<FileVersion major="1" minor="6" />
	<Project>
		<Option title="wine_bug" />
		<Option pch_mode="2" />
		<Option compiler="gcc" />
		<Build>
			<Target title="Debug">
				<Option output="bin/Debug/wine_bug" prefix_auto="1" extension_auto="1" />
				<Option object_output="obj/Debug/" />
				<Option type="1" />
				<Option compiler="gcc" />
				<Compiler>
					<Add option="-g" />
					<Add directory="include" />
				</Compiler>
			</Target>
			<Target title="Release">
				<Option output="bin/Release/wine_bug" prefix_auto="1" extension_auto="1" />
				<Option object_output="obj/Release/" />
				<Option type="0" />
				<Option compiler="gcc" />
				<Compiler>
					<Add option="-O2" />
					<Add directory="include" />
				</Compiler>
				<Linker>
					<Add option="-s" />
				</Linker>
			</Target>
		</Build>
		<Unit filename="include/cl_2.h" />
		<Unit filename="include/cl_3.h" />
		<Unit filename="include/cl_4.h" />
		<Unit filename="include/cl_5.h" />
		<Unit filename="include/cl_6.h" />
		<Unit filename="include/cl_application.h" />
		<Unit filename="include/cl_base.h" />
		<Unit filename="main.cpp" />
		<Unit filename="src/cl_2.cpp" />
		<Unit filename="src/cl_3.cpp" />
		<Unit filename="src/cl_4.cpp" />
		<Unit filename="src/cl_5.cpp" />
		<Unit filename="src/cl_6.cpp" />
		<Unit filename="src/cl_application.cpp" />
		<Unit filename="src/cl_base.cpp" />
		<Extensions />
	</Project>
</CodeBlocks_project_file>
